// !$*UTF8*$!
{
	archiveVersion = 1;
	classes = {
	};
	objectVersion = 46;
	objects = {

/* Begin PBXBuildFile section */
		AE4CC97D1DB0E0F50087819C /* Verso.framework in Frameworks */ = {isa = PBXBuildFile; fileRef = AED8AA5A1D89489000C92ED5 /* Verso.framework */; };
		AE4CC97E1DB0E0F50087819C /* Verso.framework in Embed Frameworks */ = {isa = PBXBuildFile; fileRef = AED8AA5A1D89489000C92ED5 /* Verso.framework */; settings = {ATTRIBUTES = (CodeSignOnCopy, RemoveHeadersOnCopy, ); }; };
		AED8AA1E1D89463000C92ED5 /* AppDelegate.swift in Sources */ = {isa = PBXBuildFile; fileRef = AED8AA1C1D89463000C92ED5 /* AppDelegate.swift */; };
		AED8AA1F1D89463000C92ED5 /* ViewController.swift in Sources */ = {isa = PBXBuildFile; fileRef = AED8AA1D1D89463000C92ED5 /* ViewController.swift */; };
		AED8AA271D89463D00C92ED5 /* Assets.xcassets in Resources */ = {isa = PBXBuildFile; fileRef = AED8AA211D89463D00C92ED5 /* Assets.xcassets */; };
		AED8AA281D89463D00C92ED5 /* LaunchScreen.storyboard in Resources */ = {isa = PBXBuildFile; fileRef = AED8AA221D89463D00C92ED5 /* LaunchScreen.storyboard */; };
		AED8AA291D89463D00C92ED5 /* Main.storyboard in Resources */ = {isa = PBXBuildFile; fileRef = AED8AA241D89463D00C92ED5 /* Main.storyboard */; };
/* End PBXBuildFile section */

/* Begin PBXContainerItemProxy section */
		AE4CC97B1DB0E0E20087819C /* PBXContainerItemProxy */ = {
			isa = PBXContainerItemProxy;
			containerPortal = AED8AA551D89489000C92ED5 /* Verso.xcodeproj */;
			proxyType = 1;
			remoteGlobalIDString = AED8AA341D89472A00C92ED5;
			remoteInfo = Verso;
		};
		AE4CC97F1DB0E0F50087819C /* PBXContainerItemProxy */ = {
			isa = PBXContainerItemProxy;
			containerPortal = AED8AA551D89489000C92ED5 /* Verso.xcodeproj */;
			proxyType = 1;
			remoteGlobalIDString = AED8AA341D89472A00C92ED5;
			remoteInfo = Verso;
		};
		AED8AA591D89489000C92ED5 /* PBXContainerItemProxy */ = {
			isa = PBXContainerItemProxy;
			containerPortal = AED8AA551D89489000C92ED5 /* Verso.xcodeproj */;
			proxyType = 2;
			remoteGlobalIDString = AED8AA351D89472A00C92ED5;
			remoteInfo = Verso;
		};
/* End PBXContainerItemProxy section */

/* Begin PBXCopyFilesBuildPhase section */
		AE4CC9811DB0E0F50087819C /* Embed Frameworks */ = {
			isa = PBXCopyFilesBuildPhase;
			buildActionMask = 2147483647;
			dstPath = "";
			dstSubfolderSpec = 10;
			files = (
				AE4CC97E1DB0E0F50087819C /* Verso.framework in Embed Frameworks */,
			);
			name = "Embed Frameworks";
			runOnlyForDeploymentPostprocessing = 0;
		};
/* End PBXCopyFilesBuildPhase section */

/* Begin PBXFileReference section */
		AE4CC9521DB0DD7F0087819C /* Common.xcconfig */ = {isa = PBXFileReference; lastKnownFileType = text.xcconfig; path = Common.xcconfig; sourceTree = "<group>"; };
		AE4CC9541DB0DD7F0087819C /* iOS.xcconfig */ = {isa = PBXFileReference; lastKnownFileType = text.xcconfig; path = iOS.xcconfig; sourceTree = "<group>"; };
		AE4CC9551DB0DD7F0087819C /* macOS.xcconfig */ = {isa = PBXFileReference; lastKnownFileType = text.xcconfig; path = macOS.xcconfig; sourceTree = "<group>"; };
		AE4CC9561DB0DD7F0087819C /* tvOS.xcconfig */ = {isa = PBXFileReference; lastKnownFileType = text.xcconfig; path = tvOS.xcconfig; sourceTree = "<group>"; };
		AE4CC9571DB0DD7F0087819C /* watchOS.xcconfig */ = {isa = PBXFileReference; lastKnownFileType = text.xcconfig; path = watchOS.xcconfig; sourceTree = "<group>"; };
		AE4CC9591DB0DD7F0087819C /* Application.xcconfig */ = {isa = PBXFileReference; lastKnownFileType = text.xcconfig; path = Application.xcconfig; sourceTree = "<group>"; };
		AE4CC95A1DB0DD7F0087819C /* DynamicFramework.xcconfig */ = {isa = PBXFileReference; lastKnownFileType = text.xcconfig; path = DynamicFramework.xcconfig; sourceTree = "<group>"; };
		AE4CC95B1DB0DD7F0087819C /* LogicTests.xcconfig */ = {isa = PBXFileReference; lastKnownFileType = text.xcconfig; path = LogicTests.xcconfig; sourceTree = "<group>"; };
		AE4CC95C1DB0DD7F0087819C /* StaticFramework.xcconfig */ = {isa = PBXFileReference; lastKnownFileType = text.xcconfig; path = StaticFramework.xcconfig; sourceTree = "<group>"; };
		AE4CC95E1DB0DD7F0087819C /* Debug.xcconfig */ = {isa = PBXFileReference; lastKnownFileType = text.xcconfig; path = Debug.xcconfig; sourceTree = "<group>"; };
		AE4CC95F1DB0DD7F0087819C /* Release.xcconfig */ = {isa = PBXFileReference; lastKnownFileType = text.xcconfig; path = Release.xcconfig; sourceTree = "<group>"; };
		AE4CC9601DB0DD7F0087819C /* Warnings.xcconfig */ = {isa = PBXFileReference; lastKnownFileType = text.xcconfig; path = Warnings.xcconfig; sourceTree = "<group>"; };
		AE4CC9611DB0DD7F0087819C /* VersoPlanetsExample.xcconfig */ = {isa = PBXFileReference; lastKnownFileType = text.xcconfig; path = VersoPlanetsExample.xcconfig; sourceTree = "<group>"; };
		AED8AA061D8943F200C92ED5 /* VersoPlanetsExample.app */ = {isa = PBXFileReference; explicitFileType = wrapper.application; includeInIndex = 0; path = VersoPlanetsExample.app; sourceTree = BUILT_PRODUCTS_DIR; };
		AED8AA1C1D89463000C92ED5 /* AppDelegate.swift */ = {isa = PBXFileReference; fileEncoding = 4; lastKnownFileType = sourcecode.swift; path = AppDelegate.swift; sourceTree = "<group>"; };
		AED8AA1D1D89463000C92ED5 /* ViewController.swift */ = {isa = PBXFileReference; fileEncoding = 4; lastKnownFileType = sourcecode.swift; path = ViewController.swift; sourceTree = "<group>"; };
		AED8AA211D89463D00C92ED5 /* Assets.xcassets */ = {isa = PBXFileReference; lastKnownFileType = folder.assetcatalog; path = Assets.xcassets; sourceTree = "<group>"; };
		AED8AA231D89463D00C92ED5 /* Base */ = {isa = PBXFileReference; lastKnownFileType = file.storyboard; name = Base; path = Base.lproj/LaunchScreen.storyboard; sourceTree = "<group>"; };
		AED8AA251D89463D00C92ED5 /* Base */ = {isa = PBXFileReference; lastKnownFileType = file.storyboard; name = Base; path = Base.lproj/Main.storyboard; sourceTree = "<group>"; };
		AED8AA261D89463D00C92ED5 /* Info.plist */ = {isa = PBXFileReference; fileEncoding = 4; lastKnownFileType = text.plist.xml; path = Info.plist; sourceTree = "<group>"; };
		AED8AA551D89489000C92ED5 /* Verso.xcodeproj */ = {isa = PBXFileReference; lastKnownFileType = "wrapper.pb-project"; name = Verso.xcodeproj; path = ../../Verso.xcodeproj; sourceTree = "<group>"; };
/* End PBXFileReference section */

/* Begin PBXFrameworksBuildPhase section */
		AED8AA031D8943F200C92ED5 /* Frameworks */ = {
			isa = PBXFrameworksBuildPhase;
			buildActionMask = 2147483647;
			files = (
				AE4CC97D1DB0E0F50087819C /* Verso.framework in Frameworks */,
			);
			runOnlyForDeploymentPostprocessing = 0;
		};
/* End PBXFrameworksBuildPhase section */

/* Begin PBXGroup section */
		AE4CC9501DB0DD7F0087819C /* Configurations */ = {
			isa = PBXGroup;
			children = (
				AE4CC9611DB0DD7F0087819C /* VersoPlanetsExample.xcconfig */,
				AE4CC9511DB0DD7F0087819C /* Shared */,
			);
			path = Configurations;
			sourceTree = "<group>";
		};
		AE4CC9511DB0DD7F0087819C /* Shared */ = {
			isa = PBXGroup;
			children = (
				AE4CC9521DB0DD7F0087819C /* Common.xcconfig */,
				AE4CC9531DB0DD7F0087819C /* Platform */,
				AE4CC9581DB0DD7F0087819C /* Product */,
				AE4CC95D1DB0DD7F0087819C /* Project */,
				AE4CC9601DB0DD7F0087819C /* Warnings.xcconfig */,
			);
			path = Shared;
			sourceTree = "<group>";
		};
		AE4CC9531DB0DD7F0087819C /* Platform */ = {
			isa = PBXGroup;
			children = (
				AE4CC9541DB0DD7F0087819C /* iOS.xcconfig */,
				AE4CC9551DB0DD7F0087819C /* macOS.xcconfig */,
				AE4CC9561DB0DD7F0087819C /* tvOS.xcconfig */,
				AE4CC9571DB0DD7F0087819C /* watchOS.xcconfig */,
			);
			path = Platform;
			sourceTree = "<group>";
		};
		AE4CC9581DB0DD7F0087819C /* Product */ = {
			isa = PBXGroup;
			children = (
				AE4CC9591DB0DD7F0087819C /* Application.xcconfig */,
				AE4CC95A1DB0DD7F0087819C /* DynamicFramework.xcconfig */,
				AE4CC95B1DB0DD7F0087819C /* LogicTests.xcconfig */,
				AE4CC95C1DB0DD7F0087819C /* StaticFramework.xcconfig */,
			);
			path = Product;
			sourceTree = "<group>";
		};
		AE4CC95D1DB0DD7F0087819C /* Project */ = {
			isa = PBXGroup;
			children = (
				AE4CC95E1DB0DD7F0087819C /* Debug.xcconfig */,
				AE4CC95F1DB0DD7F0087819C /* Release.xcconfig */,
			);
			path = Project;
			sourceTree = "<group>";
		};
		AED8A9FD1D8943F200C92ED5 = {
			isa = PBXGroup;
			children = (
				AED8AA1B1D89463000C92ED5 /* Sources */,
				AED8AA201D89463D00C92ED5 /* Resources */,
				AE4CC9501DB0DD7F0087819C /* Configurations */,
				AED8AA541D89485A00C92ED5 /* Frameworks */,
				AED8AA071D8943F200C92ED5 /* Products */,
			);
			sourceTree = "<group>";
		};
		AED8AA071D8943F200C92ED5 /* Products */ = {
			isa = PBXGroup;
			children = (
				AED8AA061D8943F200C92ED5 /* VersoPlanetsExample.app */,
			);
			name = Products;
			sourceTree = "<group>";
		};
		AED8AA1B1D89463000C92ED5 /* Sources */ = {
			isa = PBXGroup;
			children = (
				AED8AA1C1D89463000C92ED5 /* AppDelegate.swift */,
				AED8AA1D1D89463000C92ED5 /* ViewController.swift */,
			);
			path = Sources;
			sourceTree = "<group>";
		};
		AED8AA201D89463D00C92ED5 /* Resources */ = {
			isa = PBXGroup;
			children = (
				AED8AA211D89463D00C92ED5 /* Assets.xcassets */,
				AED8AA221D89463D00C92ED5 /* LaunchScreen.storyboard */,
				AED8AA241D89463D00C92ED5 /* Main.storyboard */,
				AED8AA261D89463D00C92ED5 /* Info.plist */,
			);
			path = Resources;
			sourceTree = "<group>";
		};
		AED8AA541D89485A00C92ED5 /* Frameworks */ = {
			isa = PBXGroup;
			children = (
				AED8AA551D89489000C92ED5 /* Verso.xcodeproj */,
			);
			name = Frameworks;
			sourceTree = "<group>";
		};
		AED8AA561D89489000C92ED5 /* Products */ = {
			isa = PBXGroup;
			children = (
				AED8AA5A1D89489000C92ED5 /* Verso.framework */,
			);
			name = Products;
			sourceTree = "<group>";
		};
/* End PBXGroup section */

/* Begin PBXNativeTarget section */
		AED8AA051D8943F200C92ED5 /* VersoPlanetsExample */ = {
			isa = PBXNativeTarget;
			buildConfigurationList = AED8AA181D8943F200C92ED5 /* Build configuration list for PBXNativeTarget "VersoPlanetsExample" */;
			buildPhases = (
				AED8AA021D8943F200C92ED5 /* Sources */,
				AED8AA031D8943F200C92ED5 /* Frameworks */,
				AED8AA041D8943F200C92ED5 /* Resources */,
				AE4CC9811DB0E0F50087819C /* Embed Frameworks */,
			);
			buildRules = (
			);
			dependencies = (
				AE4CC97C1DB0E0E20087819C /* PBXTargetDependency */,
				AE4CC9801DB0E0F50087819C /* PBXTargetDependency */,
			);
			name = VersoPlanetsExample;
			productName = VersoPlanetsExample;
			productReference = AED8AA061D8943F200C92ED5 /* VersoPlanetsExample.app */;
			productType = "com.apple.product-type.application";
		};
/* End PBXNativeTarget section */

/* Begin PBXProject section */
		AED8A9FE1D8943F200C92ED5 /* Project object */ = {
			isa = PBXProject;
			attributes = {
				LastSwiftUpdateCheck = 0730;
				LastUpgradeCheck = 0800;
				ORGANIZATIONNAME = ShopGun;
				TargetAttributes = {
					AED8AA051D8943F200C92ED5 = {
						CreatedOnToolsVersion = 7.3.1;
						DevelopmentTeam = MN86AVA6GX;
						LastSwiftMigration = 0800;
						ProvisioningStyle = Automatic;
					};
				};
			};
			buildConfigurationList = AED8AA011D8943F200C92ED5 /* Build configuration list for PBXProject "VersoPlanetsExample" */;
			compatibilityVersion = "Xcode 3.2";
			developmentRegion = English;
			hasScannedForEncodings = 0;
			knownRegions = (
				en,
				Base,
			);
			mainGroup = AED8A9FD1D8943F200C92ED5;
			productRefGroup = AED8AA071D8943F200C92ED5 /* Products */;
			projectDirPath = "";
			projectReferences = (
				{
					ProductGroup = AED8AA561D89489000C92ED5 /* Products */;
					ProjectRef = AED8AA551D89489000C92ED5 /* Verso.xcodeproj */;
				},
			);
			projectRoot = "";
			targets = (
				AED8AA051D8943F200C92ED5 /* VersoPlanetsExample */,
			);
		};
/* End PBXProject section */

/* Begin PBXReferenceProxy section */
		AED8AA5A1D89489000C92ED5 /* Verso.framework */ = {
			isa = PBXReferenceProxy;
			fileType = wrapper.framework;
			path = Verso.framework;
			remoteRef = AED8AA591D89489000C92ED5 /* PBXContainerItemProxy */;
			sourceTree = BUILT_PRODUCTS_DIR;
		};
/* End PBXReferenceProxy section */

/* Begin PBXResourcesBuildPhase section */
		AED8AA041D8943F200C92ED5 /* Resources */ = {
			isa = PBXResourcesBuildPhase;
			buildActionMask = 2147483647;
			files = (
				AED8AA291D89463D00C92ED5 /* Main.storyboard in Resources */,
				AED8AA271D89463D00C92ED5 /* Assets.xcassets in Resources */,
				AED8AA281D89463D00C92ED5 /* LaunchScreen.storyboard in Resources */,
			);
			runOnlyForDeploymentPostprocessing = 0;
		};
/* End PBXResourcesBuildPhase section */

/* Begin PBXSourcesBuildPhase section */
		AED8AA021D8943F200C92ED5 /* Sources */ = {
			isa = PBXSourcesBuildPhase;
			buildActionMask = 2147483647;
			files = (
				AED8AA1E1D89463000C92ED5 /* AppDelegate.swift in Sources */,
				AED8AA1F1D89463000C92ED5 /* ViewController.swift in Sources */,
			);
			runOnlyForDeploymentPostprocessing = 0;
		};
/* End PBXSourcesBuildPhase section */

/* Begin PBXTargetDependency section */
		AE4CC97C1DB0E0E20087819C /* PBXTargetDependency */ = {
			isa = PBXTargetDependency;
			name = Verso;
			targetProxy = AE4CC97B1DB0E0E20087819C /* PBXContainerItemProxy */;
		};
		AE4CC9801DB0E0F50087819C /* PBXTargetDependency */ = {
			isa = PBXTargetDependency;
			name = Verso;
			targetProxy = AE4CC97F1DB0E0F50087819C /* PBXContainerItemProxy */;
		};
/* End PBXTargetDependency section */

/* Begin PBXVariantGroup section */
		AED8AA221D89463D00C92ED5 /* LaunchScreen.storyboard */ = {
			isa = PBXVariantGroup;
			children = (
				AED8AA231D89463D00C92ED5 /* Base */,
			);
			name = LaunchScreen.storyboard;
			sourceTree = "<group>";
		};
		AED8AA241D89463D00C92ED5 /* Main.storyboard */ = {
			isa = PBXVariantGroup;
			children = (
				AED8AA251D89463D00C92ED5 /* Base */,
			);
			name = Main.storyboard;
			sourceTree = "<group>";
		};
/* End PBXVariantGroup section */

/* Begin XCBuildConfiguration section */
		AED8AA161D8943F200C92ED5 /* Debug */ = {
			isa = XCBuildConfiguration;
			baseConfigurationReference = AE4CC95E1DB0DD7F0087819C /* Debug.xcconfig */;
			buildSettings = {
			};
			name = Debug;
		};
		AED8AA171D8943F200C92ED5 /* Release */ = {
			isa = XCBuildConfiguration;
			baseConfigurationReference = AE4CC95F1DB0DD7F0087819C /* Release.xcconfig */;
			buildSettings = {
			};
			name = Release;
		};
		AED8AA191D8943F200C92ED5 /* Debug */ = {
			isa = XCBuildConfiguration;
			baseConfigurationReference = AE4CC9611DB0DD7F0087819C /* VersoPlanetsExample.xcconfig */;
			buildSettings = {
				ALWAYS_EMBED_SWIFT_STANDARD_LIBRARIES = YES;
				LD_RUNPATH_SEARCH_PATHS = "$(inherited) @executable_path/Frameworks";
			};
			name = Debug;
		};
		AED8AA1A1D8943F200C92ED5 /* Release */ = {
			isa = XCBuildConfiguration;
			baseConfigurationReference = AE4CC9611DB0DD7F0087819C /* VersoPlanetsExample.xcconfig */;
			buildSettings = {
				ALWAYS_EMBED_SWIFT_STANDARD_LIBRARIES = YES;
				LD_RUNPATH_SEARCH_PATHS = "$(inherited) @executable_path/Frameworks";
			};
			name = Release;
		};
/* End XCBuildConfiguration section */

/* Begin XCConfigurationList section */
		AED8AA011D8943F200C92ED5 /* Build configuration list for PBXProject "VersoPlanetsExample" */ = {
			isa = XCConfigurationList;
			buildConfigurations = (
				AED8AA161D8943F200C92ED5 /* Debug */,
				AED8AA171D8943F200C92ED5 /* Release */,
			);
			defaultConfigurationIsVisible = 0;
			defaultConfigurationName = Release;
		};
		AED8AA181D8943F200C92ED5 /* Build configuration list for PBXNativeTarget "VersoPlanetsExample" */ = {
			isa = XCConfigurationList;
			buildConfigurations = (
				AED8AA191D8943F200C92ED5 /* Debug */,
				AED8AA1A1D8943F200C92ED5 /* Release */,
			);
			defaultConfigurationIsVisible = 0;
			defaultConfigurationName = Release;
		};
/* End XCConfigurationList section */
	};
	rootObject = AED8A9FE1D8943F200C92ED5 /* Project object */;
}
