PODS:
  - libextobjc/EXTScope (0.4.1):
    - libextobjc/RuntimeExtensions
  - libextobjc/RuntimeExtensions (0.4.1)
  - SDWebImage (3.7.1):
    - SDWebImage/Core (= 3.7.1)
  - SDWebImage/Core (3.7.1)
  - Verso (0.0.1):
    - libextobjc/EXTScope (~> 0.4.1)
    - SDWebImage (~> 3.7.1)

DEPENDENCIES:
  - Verso (from `../`)

EXTERNAL SOURCES:
  Verso:
    :path: ../

SPEC CHECKSUMS:
  libextobjc: d6146fce3ebea986b7f75fcb4c967639200b88b0
  SDWebImage: 116e88633b5b416ea0ca4b334a4ac59cf72dd38d
  Verso: 7564ef3c80e1e2dd85e8e6a03c6287e07d179c0e

COCOAPODS: 0.35.0
