PODS:
  - SDWebImage (3.7.1):
    - SDWebImage/Core (= 3.7.1)
  - SDWebImage/Core (3.7.1)
  - Verso (0.0.1):
    - SDWebImage (~> 3.7.1)

DEPENDENCIES:
  - Verso (from `../`)

EXTERNAL SOURCES:
  Verso:
    :path: ../

SPEC CHECKSUMS:
  SDWebImage: 116e88633b5b416ea0ca4b334a4ac59cf72dd38d
  Verso: efd0ee97681c82159716d4531469cb167872b853

COCOAPODS: 0.35.0
